
Microsoft Visual Studio Solution File, Format Version 12.00
# Visual Studio Version 17
VisualStudioVersion = 17.14.36623.8 d17.14
MinimumVisualStudioVersion = 10.0.40219.1
Project("{FAE04EC0-301F-11D3-BF4B-00C04F79EFBC}") = "MathLibrary", "MathLibrary\MathLibrary.csproj", "{E64ED6AF-1FD7-4F95-938A-6C32F0F09F5E}"
EndProject
Global
	GlobalSection(SolutionConfigurationPlatforms) = preSolution
		Debug|Any CPU = Debug|Any CPU
		Release|Any CPU = Release|Any CPU
	EndGlobalSection
	GlobalSection(ProjectConfigurationPlatforms) = postSolution
		{E64ED6AF-1FD7-4F95-938A-6C32F0F09F5E}.Debug|Any CPU.ActiveCfg = Debug|Any CPU
		{E64ED6AF-1FD7-4F95-938A-6C32F0F09F5E}.Debug|Any CPU.Build.0 = Debug|Any CPU
		{E64ED6AF-1FD7-4F95-938A-6C32F0F09F5E}.Release|Any CPU.ActiveCfg = Release|Any CPU
		{E64ED6AF-1FD7-4F95-938A-6C32F0F09F5E}.Release|Any CPU.Build.0 = Release|Any CPU
	EndGlobalSection
	GlobalSection(SolutionProperties) = preSolution
		HideSolutionNode = FALSE
	EndGlobalSection
	GlobalSection(ExtensibilityGlobals) = postSolution
		SolutionGuid = {3D026A58-639F-43D6-91A9-3061ADA576C6}
	EndGlobalSection
EndGlobal
